// !$*UTF8*$!
{
	archiveVersion = 1;
	classes = {
	};
	objectVersion = 51;
	objects = {

/* Begin PBXBuildFile section */
		1144AF172320464000718CC6 /* Login.storyboard in Resources */ = {isa = PBXBuildFile; fileRef = 1144AF162320464000718CC6 /* Login.storyboard */; };
		1144AF192320467C00718CC6 /* CustomButton.swift in Sources */ = {isa = PBXBuildFile; fileRef = 1144AF182320467C00718CC6 /* CustomButton.swift */; };
		1144AF1D232046D000718CC6 /* GuestViewController.swift in Sources */ = {isa = PBXBuildFile; fileRef = 1144AF1B232046CF00718CC6 /* GuestViewController.swift */; };
		1144AF1E232046D000718CC6 /* LoginViewController.swift in Sources */ = {isa = PBXBuildFile; fileRef = 1144AF1C232046D000718CC6 /* LoginViewController.swift */; };
		3A54EC992320573D004BB09C /* Feed+CoreDataClass.swift in Sources */ = {isa = PBXBuildFile; fileRef = 3A54EC8D2320573D004BB09C /* Feed+CoreDataClass.swift */; };
		3A54EC9A2320573D004BB09C /* Feed+CoreDataProperties.swift in Sources */ = {isa = PBXBuildFile; fileRef = 3A54EC8E2320573D004BB09C /* Feed+CoreDataProperties.swift */; };
		3A54EC9B2320573D004BB09C /* Calendario+CoreDataClass.swift in Sources */ = {isa = PBXBuildFile; fileRef = 3A54EC8F2320573D004BB09C /* Calendario+CoreDataClass.swift */; };
		3A54EC9C2320573D004BB09C /* Calendario+CoreDataProperties.swift in Sources */ = {isa = PBXBuildFile; fileRef = 3A54EC902320573D004BB09C /* Calendario+CoreDataProperties.swift */; };
		3A54EC9D2320573D004BB09C /* PerfilUsuario+CoreDataClass.swift in Sources */ = {isa = PBXBuildFile; fileRef = 3A54EC912320573D004BB09C /* PerfilUsuario+CoreDataClass.swift */; };
		3A54EC9E2320573D004BB09C /* PerfilUsuario+CoreDataProperties.swift in Sources */ = {isa = PBXBuildFile; fileRef = 3A54EC922320573D004BB09C /* PerfilUsuario+CoreDataProperties.swift */; };
		3A54EC9F2320573D004BB09C /* Sala+CoreDataClass.swift in Sources */ = {isa = PBXBuildFile; fileRef = 3A54EC932320573D004BB09C /* Sala+CoreDataClass.swift */; };
		3A54ECA02320573D004BB09C /* Sala+CoreDataProperties.swift in Sources */ = {isa = PBXBuildFile; fileRef = 3A54EC942320573D004BB09C /* Sala+CoreDataProperties.swift */; };
		3A54ECA12320573D004BB09C /* Usuario+CoreDataClass.swift in Sources */ = {isa = PBXBuildFile; fileRef = 3A54EC952320573D004BB09C /* Usuario+CoreDataClass.swift */; };
		3A54ECA22320573D004BB09C /* Usuario+CoreDataProperties.swift in Sources */ = {isa = PBXBuildFile; fileRef = 3A54EC962320573D004BB09C /* Usuario+CoreDataProperties.swift */; };
		3A54ECA32320573D004BB09C /* Evento+CoreDataClass.swift in Sources */ = {isa = PBXBuildFile; fileRef = 3A54EC972320573D004BB09C /* Evento+CoreDataClass.swift */; };
		3A54ECA42320573D004BB09C /* Evento+CoreDataProperties.swift in Sources */ = {isa = PBXBuildFile; fileRef = 3A54EC982320573D004BB09C /* Evento+CoreDataProperties.swift */; };
		3A5F8F78231746BC00A8B05C /* Cloud.swift in Sources */ = {isa = PBXBuildFile; fileRef = 3A5F8F77231746BC00A8B05C /* Cloud.swift */; };
		3A86469E2315C03A0091BD0C /* AlzheimerProject.xcdatamodel in Sources */ = {isa = PBXBuildFile; fileRef = 3A86469D2315C03A0091BD0C /* AlzheimerProject.xcdatamodel */; };
		3A8646A02315C0490091BD0C /* CoreData.swift in Sources */ = {isa = PBXBuildFile; fileRef = 3A86469F2315C0490091BD0C /* CoreData.swift */; };
		3AAF5964231D8D210073D65D /* UserLoaded.swift in Sources */ = {isa = PBXBuildFile; fileRef = 3AAF5962231D8D210073D65D /* UserLoaded.swift */; };
		3AAF5965231D8D210073D65D /* CoreDataOptmized.swift in Sources */ = {isa = PBXBuildFile; fileRef = 3AAF5963231D8D210073D65D /* CoreDataOptmized.swift */; };
		3ABF2BA72318761700486A68 /* ClasseTemp.swift in Sources */ = {isa = PBXBuildFile; fileRef = 3ABF2BA52318761700486A68 /* ClasseTemp.swift */; };
		3ABF2BA82318761700486A68 /* PersistenceManager.swift in Sources */ = {isa = PBXBuildFile; fileRef = 3ABF2BA62318761700486A68 /* PersistenceManager.swift */; };
		3AD49DDF231621EC00904457 /* (null) in Sources */ = {isa = PBXBuildFile; };
		3AD49DE0231621EC00904457 /* (null) in Sources */ = {isa = PBXBuildFile; };
		3AD49DE3231621EC00904457 /* (null) in Sources */ = {isa = PBXBuildFile; };
		3AD49DE5231621EC00904457 /* (null) in Sources */ = {isa = PBXBuildFile; };
		3AD49DE7231621EC00904457 /* (null) in Sources */ = {isa = PBXBuildFile; };
		AC39EE192318638B00DC590C /* CellFeed.swift in Sources */ = {isa = PBXBuildFile; fileRef = AC39EE182318638B00DC590C /* CellFeed.swift */; };
		AC52965B231D4CE200EACF44 /* TableViewTaskViewController.swift in Sources */ = {isa = PBXBuildFile; fileRef = AC52965A231D4CE200EACF44 /* TableViewTaskViewController.swift */; };
		AC52965D231EED1300EACF44 /* DetailViewController.swift in Sources */ = {isa = PBXBuildFile; fileRef = AC52965C231EED1300EACF44 /* DetailViewController.swift */; };
		AC529661231F0E5000EACF44 /* PerfilTableViewController.swift in Sources */ = {isa = PBXBuildFile; fileRef = AC529660231F0E5000EACF44 /* PerfilTableViewController.swift */; };
		AC9EE90323071D01004FA292 /* AppDelegate.swift in Sources */ = {isa = PBXBuildFile; fileRef = AC9EE90223071D01004FA292 /* AppDelegate.swift */; };
		AC9EE90523071D01004FA292 /* ViewController.swift in Sources */ = {isa = PBXBuildFile; fileRef = AC9EE90423071D01004FA292 /* ViewController.swift */; };
		AC9EE90823071D01004FA292 /* Main.storyboard in Resources */ = {isa = PBXBuildFile; fileRef = AC9EE90623071D01004FA292 /* Main.storyboard */; };
		AC9EE90A23071D02004FA292 /* Assets.xcassets in Resources */ = {isa = PBXBuildFile; fileRef = AC9EE90923071D02004FA292 /* Assets.xcassets */; };
		AC9EE90D23071D02004FA292 /* LaunchScreen.storyboard in Resources */ = {isa = PBXBuildFile; fileRef = AC9EE90B23071D02004FA292 /* LaunchScreen.storyboard */; };
		AC9EE91523072645004FA292 /* Notification.swift in Sources */ = {isa = PBXBuildFile; fileRef = AC9EE91423072645004FA292 /* Notification.swift */; };
		AC9EE922230C64BC004FA292 /* PerfilViewController.swift in Sources */ = {isa = PBXBuildFile; fileRef = AC9EE921230C64BC004FA292 /* PerfilViewController.swift */; };
		AC9EE924230C6901004FA292 /* CalendarioViewController.swift in Sources */ = {isa = PBXBuildFile; fileRef = AC9EE923230C6901004FA292 /* CalendarioViewController.swift */; };
		AC9EE928230F0D8D004FA292 /* CellCalendar.swift in Sources */ = {isa = PBXBuildFile; fileRef = AC9EE927230F0D8D004FA292 /* CellCalendar.swift */; };
		AC9EE92A230F175D004FA292 /* Events.swift in Sources */ = {isa = PBXBuildFile; fileRef = AC9EE929230F175D004FA292 /* Events.swift */; };
		AC9EE92C230F1A88004FA292 /* Days.swift in Sources */ = {isa = PBXBuildFile; fileRef = AC9EE92B230F1A88004FA292 /* Days.swift */; };
		AC9EE93023144937004FA292 /* TaskViewController.swift in Sources */ = {isa = PBXBuildFile; fileRef = AC9EE92F23144937004FA292 /* TaskViewController.swift */; };
		ACAF13E8232437940085918B /* UsersViewController.swift in Sources */ = {isa = PBXBuildFile; fileRef = ACAF13E7232437940085918B /* UsersViewController.swift */; };
		ACAF13EA2324387C0085918B /* CellUsers.swift in Sources */ = {isa = PBXBuildFile; fileRef = ACAF13E92324387C0085918B /* CellUsers.swift */; };
		ACBF43EF23204B9D0048416F /* DetailProfileViewController.swift in Sources */ = {isa = PBXBuildFile; fileRef = ACBF43EE23204B9D0048416F /* DetailProfileViewController.swift */; };
		ACBF43F123204C720048416F /* MyProfileViewController.swift in Sources */ = {isa = PBXBuildFile; fileRef = ACBF43F023204C720048416F /* MyProfileViewController.swift */; };
		ACC5F51223199FCE003B7562 /* CellPerfil.swift in Sources */ = {isa = PBXBuildFile; fileRef = ACC5F51123199FCE003B7562 /* CellPerfil.swift */; };
		BF95BC60618A0AD0F91A87A7 /* Pods_AlzheimerProject.framework in Frameworks */ = {isa = PBXBuildFile; fileRef = 64F706B0D90EB5F893CFAF52 /* Pods_AlzheimerProject.framework */; };
		E2CEB47E23183DF300C90EFD /* CloudKit.framework in Frameworks */ = {isa = PBXBuildFile; fileRef = E2CEB47D23183DF300C90EFD /* CloudKit.framework */; };
		E2CEB480231850A200C90EFD /* Dados.swift in Sources */ = {isa = PBXBuildFile; fileRef = E2CEB47F231850A200C90EFD /* Dados.swift */; };
/* End PBXBuildFile section */

/* Begin PBXFileReference section */
		1144AF162320464000718CC6 /* Login.storyboard */ = {isa = PBXFileReference; fileEncoding = 4; lastKnownFileType = file.storyboard; path = Login.storyboard; sourceTree = "<group>"; };
		1144AF182320467C00718CC6 /* CustomButton.swift */ = {isa = PBXFileReference; fileEncoding = 4; lastKnownFileType = sourcecode.swift; path = CustomButton.swift; sourceTree = "<group>"; };
		1144AF1B232046CF00718CC6 /* GuestViewController.swift */ = {isa = PBXFileReference; fileEncoding = 4; lastKnownFileType = sourcecode.swift; path = GuestViewController.swift; sourceTree = "<group>"; };
		1144AF1C232046D000718CC6 /* LoginViewController.swift */ = {isa = PBXFileReference; fileEncoding = 4; lastKnownFileType = sourcecode.swift; path = LoginViewController.swift; sourceTree = "<group>"; };
		2F7C12E70EE4623B2C3907C5 /* Pods-AlzheimerProject.release.xcconfig */ = {isa = PBXFileReference; includeInIndex = 1; lastKnownFileType = text.xcconfig; name = "Pods-AlzheimerProject.release.xcconfig"; path = "Target Support Files/Pods-AlzheimerProject/Pods-AlzheimerProject.release.xcconfig"; sourceTree = "<group>"; };
		3A54EC8D2320573D004BB09C /* Feed+CoreDataClass.swift */ = {isa = PBXFileReference; lastKnownFileType = sourcecode.swift; path = "Feed+CoreDataClass.swift"; sourceTree = "<group>"; };
		3A54EC8E2320573D004BB09C /* Feed+CoreDataProperties.swift */ = {isa = PBXFileReference; lastKnownFileType = sourcecode.swift; path = "Feed+CoreDataProperties.swift"; sourceTree = "<group>"; };
		3A54EC8F2320573D004BB09C /* Calendario+CoreDataClass.swift */ = {isa = PBXFileReference; lastKnownFileType = sourcecode.swift; path = "Calendario+CoreDataClass.swift"; sourceTree = "<group>"; };
		3A54EC902320573D004BB09C /* Calendario+CoreDataProperties.swift */ = {isa = PBXFileReference; lastKnownFileType = sourcecode.swift; path = "Calendario+CoreDataProperties.swift"; sourceTree = "<group>"; };
		3A54EC912320573D004BB09C /* PerfilUsuario+CoreDataClass.swift */ = {isa = PBXFileReference; lastKnownFileType = sourcecode.swift; path = "PerfilUsuario+CoreDataClass.swift"; sourceTree = "<group>"; };
		3A54EC922320573D004BB09C /* PerfilUsuario+CoreDataProperties.swift */ = {isa = PBXFileReference; lastKnownFileType = sourcecode.swift; path = "PerfilUsuario+CoreDataProperties.swift"; sourceTree = "<group>"; };
		3A54EC932320573D004BB09C /* Sala+CoreDataClass.swift */ = {isa = PBXFileReference; lastKnownFileType = sourcecode.swift; path = "Sala+CoreDataClass.swift"; sourceTree = "<group>"; };
		3A54EC942320573D004BB09C /* Sala+CoreDataProperties.swift */ = {isa = PBXFileReference; lastKnownFileType = sourcecode.swift; path = "Sala+CoreDataProperties.swift"; sourceTree = "<group>"; };
		3A54EC952320573D004BB09C /* Usuario+CoreDataClass.swift */ = {isa = PBXFileReference; lastKnownFileType = sourcecode.swift; path = "Usuario+CoreDataClass.swift"; sourceTree = "<group>"; };
		3A54EC962320573D004BB09C /* Usuario+CoreDataProperties.swift */ = {isa = PBXFileReference; lastKnownFileType = sourcecode.swift; path = "Usuario+CoreDataProperties.swift"; sourceTree = "<group>"; };
		3A54EC972320573D004BB09C /* Evento+CoreDataClass.swift */ = {isa = PBXFileReference; lastKnownFileType = sourcecode.swift; path = "Evento+CoreDataClass.swift"; sourceTree = "<group>"; };
		3A54EC982320573D004BB09C /* Evento+CoreDataProperties.swift */ = {isa = PBXFileReference; lastKnownFileType = sourcecode.swift; path = "Evento+CoreDataProperties.swift"; sourceTree = "<group>"; };
		3A5F8F77231746BC00A8B05C /* Cloud.swift */ = {isa = PBXFileReference; lastKnownFileType = sourcecode.swift; path = Cloud.swift; sourceTree = "<group>"; };
		3A86469D2315C03A0091BD0C /* AlzheimerProject.xcdatamodel */ = {isa = PBXFileReference; lastKnownFileType = wrapper.xcdatamodel; path = AlzheimerProject.xcdatamodel; sourceTree = "<group>"; };
		3A86469F2315C0490091BD0C /* CoreData.swift */ = {isa = PBXFileReference; fileEncoding = 4; lastKnownFileType = sourcecode.swift; path = CoreData.swift; sourceTree = "<group>"; };
		3AAF5962231D8D210073D65D /* UserLoaded.swift */ = {isa = PBXFileReference; fileEncoding = 4; lastKnownFileType = sourcecode.swift; path = UserLoaded.swift; sourceTree = "<group>"; };
		3AAF5963231D8D210073D65D /* CoreDataOptmized.swift */ = {isa = PBXFileReference; fileEncoding = 4; lastKnownFileType = sourcecode.swift; path = CoreDataOptmized.swift; sourceTree = "<group>"; };
		3ABF2BA52318761700486A68 /* ClasseTemp.swift */ = {isa = PBXFileReference; fileEncoding = 4; lastKnownFileType = sourcecode.swift; path = ClasseTemp.swift; sourceTree = "<group>"; };
		3ABF2BA62318761700486A68 /* PersistenceManager.swift */ = {isa = PBXFileReference; fileEncoding = 4; lastKnownFileType = sourcecode.swift; path = PersistenceManager.swift; sourceTree = "<group>"; };
		3FAA1ACF3D0FB7238CA892E8 /* Pods-AlzheimerProject.debug.xcconfig */ = {isa = PBXFileReference; includeInIndex = 1; lastKnownFileType = text.xcconfig; name = "Pods-AlzheimerProject.debug.xcconfig"; path = "Target Support Files/Pods-AlzheimerProject/Pods-AlzheimerProject.debug.xcconfig"; sourceTree = "<group>"; };
		64F706B0D90EB5F893CFAF52 /* Pods_AlzheimerProject.framework */ = {isa = PBXFileReference; explicitFileType = wrapper.framework; includeInIndex = 0; path = Pods_AlzheimerProject.framework; sourceTree = BUILT_PRODUCTS_DIR; };
		AC39EE182318638B00DC590C /* CellFeed.swift */ = {isa = PBXFileReference; lastKnownFileType = sourcecode.swift; path = CellFeed.swift; sourceTree = "<group>"; };
		AC52965A231D4CE200EACF44 /* TableViewTaskViewController.swift */ = {isa = PBXFileReference; lastKnownFileType = sourcecode.swift; path = TableViewTaskViewController.swift; sourceTree = "<group>"; };
		AC52965C231EED1300EACF44 /* DetailViewController.swift */ = {isa = PBXFileReference; lastKnownFileType = sourcecode.swift; path = DetailViewController.swift; sourceTree = "<group>"; };
		AC529660231F0E5000EACF44 /* PerfilTableViewController.swift */ = {isa = PBXFileReference; lastKnownFileType = sourcecode.swift; path = PerfilTableViewController.swift; sourceTree = "<group>"; };
		AC9EE8FF23071D01004FA292 /* AlzheimerProject.app */ = {isa = PBXFileReference; explicitFileType = wrapper.application; includeInIndex = 0; path = AlzheimerProject.app; sourceTree = BUILT_PRODUCTS_DIR; };
		AC9EE90223071D01004FA292 /* AppDelegate.swift */ = {isa = PBXFileReference; lastKnownFileType = sourcecode.swift; path = AppDelegate.swift; sourceTree = "<group>"; };
		AC9EE90423071D01004FA292 /* ViewController.swift */ = {isa = PBXFileReference; lastKnownFileType = sourcecode.swift; path = ViewController.swift; sourceTree = "<group>"; };
		AC9EE90723071D01004FA292 /* Base */ = {isa = PBXFileReference; lastKnownFileType = file.storyboard; name = Base; path = Base.lproj/Main.storyboard; sourceTree = "<group>"; };
		AC9EE90923071D02004FA292 /* Assets.xcassets */ = {isa = PBXFileReference; lastKnownFileType = folder.assetcatalog; path = Assets.xcassets; sourceTree = "<group>"; };
		AC9EE90C23071D02004FA292 /* Base */ = {isa = PBXFileReference; lastKnownFileType = file.storyboard; name = Base; path = Base.lproj/LaunchScreen.storyboard; sourceTree = "<group>"; };
		AC9EE90E23071D02004FA292 /* Info.plist */ = {isa = PBXFileReference; lastKnownFileType = text.plist.xml; path = Info.plist; sourceTree = "<group>"; };
		AC9EE91423072645004FA292 /* Notification.swift */ = {isa = PBXFileReference; lastKnownFileType = sourcecode.swift; path = Notification.swift; sourceTree = "<group>"; };
		AC9EE921230C64BC004FA292 /* PerfilViewController.swift */ = {isa = PBXFileReference; lastKnownFileType = sourcecode.swift; path = PerfilViewController.swift; sourceTree = "<group>"; };
		AC9EE923230C6901004FA292 /* CalendarioViewController.swift */ = {isa = PBXFileReference; lastKnownFileType = sourcecode.swift; path = CalendarioViewController.swift; sourceTree = "<group>"; };
		AC9EE927230F0D8D004FA292 /* CellCalendar.swift */ = {isa = PBXFileReference; lastKnownFileType = sourcecode.swift; path = CellCalendar.swift; sourceTree = "<group>"; };
		AC9EE929230F175D004FA292 /* Events.swift */ = {isa = PBXFileReference; lastKnownFileType = sourcecode.swift; path = Events.swift; sourceTree = "<group>"; };
		AC9EE92B230F1A88004FA292 /* Days.swift */ = {isa = PBXFileReference; lastKnownFileType = sourcecode.swift; path = Days.swift; sourceTree = "<group>"; };
		AC9EE92F23144937004FA292 /* TaskViewController.swift */ = {isa = PBXFileReference; lastKnownFileType = sourcecode.swift; path = TaskViewController.swift; sourceTree = "<group>"; };
		ACAF13E7232437940085918B /* UsersViewController.swift */ = {isa = PBXFileReference; lastKnownFileType = sourcecode.swift; path = UsersViewController.swift; sourceTree = "<group>"; };
		ACAF13E92324387C0085918B /* CellUsers.swift */ = {isa = PBXFileReference; lastKnownFileType = sourcecode.swift; path = CellUsers.swift; sourceTree = "<group>"; };
		ACBF43EE23204B9D0048416F /* DetailProfileViewController.swift */ = {isa = PBXFileReference; lastKnownFileType = sourcecode.swift; path = DetailProfileViewController.swift; sourceTree = "<group>"; };
		ACBF43F023204C720048416F /* MyProfileViewController.swift */ = {isa = PBXFileReference; lastKnownFileType = sourcecode.swift; path = MyProfileViewController.swift; sourceTree = "<group>"; };
		ACC5F51123199FCE003B7562 /* CellPerfil.swift */ = {isa = PBXFileReference; lastKnownFileType = sourcecode.swift; path = CellPerfil.swift; sourceTree = "<group>"; };
		E2CEB47C23183DEF00C90EFD /* AlzheimerProject.entitlements */ = {isa = PBXFileReference; lastKnownFileType = text.plist.entitlements; path = AlzheimerProject.entitlements; sourceTree = "<group>"; };
		E2CEB47D23183DF300C90EFD /* CloudKit.framework */ = {isa = PBXFileReference; lastKnownFileType = wrapper.framework; name = CloudKit.framework; path = System/Library/Frameworks/CloudKit.framework; sourceTree = SDKROOT; };
		E2CEB47F231850A200C90EFD /* Dados.swift */ = {isa = PBXFileReference; lastKnownFileType = sourcecode.swift; path = Dados.swift; sourceTree = SOURCE_ROOT; };
/* End PBXFileReference section */

/* Begin PBXFrameworksBuildPhase section */
		AC9EE8FC23071D01004FA292 /* Frameworks */ = {
			isa = PBXFrameworksBuildPhase;
			buildActionMask = 2147483647;
			files = (
				BF95BC60618A0AD0F91A87A7 /* Pods_AlzheimerProject.framework in Frameworks */,
				E2CEB47E23183DF300C90EFD /* CloudKit.framework in Frameworks */,
			);
			runOnlyForDeploymentPostprocessing = 0;
		};
/* End PBXFrameworksBuildPhase section */

/* Begin PBXGroup section */
		1144AF1A232046BD00718CC6 /* Login */ = {
			isa = PBXGroup;
			children = (
				1144AF1B232046CF00718CC6 /* GuestViewController.swift */,
				1144AF1C232046D000718CC6 /* LoginViewController.swift */,
			);
			path = Login;
			sourceTree = "<group>";
		};
		3A8646A12315E6A90091BD0C /* CoreDataClasses */ = {
			isa = PBXGroup;
			children = (
				3A54EC8D2320573D004BB09C /* Feed+CoreDataClass.swift */,
				3A54EC8E2320573D004BB09C /* Feed+CoreDataProperties.swift */,
				3A54EC8F2320573D004BB09C /* Calendario+CoreDataClass.swift */,
				3A54EC902320573D004BB09C /* Calendario+CoreDataProperties.swift */,
				3A54EC912320573D004BB09C /* PerfilUsuario+CoreDataClass.swift */,
				3A54EC922320573D004BB09C /* PerfilUsuario+CoreDataProperties.swift */,
				3A54EC932320573D004BB09C /* Sala+CoreDataClass.swift */,
				3A54EC942320573D004BB09C /* Sala+CoreDataProperties.swift */,
				3A54EC952320573D004BB09C /* Usuario+CoreDataClass.swift */,
				3A54EC962320573D004BB09C /* Usuario+CoreDataProperties.swift */,
				3A54EC972320573D004BB09C /* Evento+CoreDataClass.swift */,
				3A54EC982320573D004BB09C /* Evento+CoreDataProperties.swift */,
			);
			path = CoreDataClasses;
			sourceTree = "<group>";
		};
		4FCEDA274749CCA6A89D5DA6 /* Frameworks */ = {
			isa = PBXGroup;
			children = (
				E2CEB47D23183DF300C90EFD /* CloudKit.framework */,
				64F706B0D90EB5F893CFAF52 /* Pods_AlzheimerProject.framework */,
			);
			name = Frameworks;
			sourceTree = "<group>";
		};
		7EAC450FC04562AAEA2838A5 /* Pods */ = {
			isa = PBXGroup;
			children = (
				3FAA1ACF3D0FB7238CA892E8 /* Pods-AlzheimerProject.debug.xcconfig */,
				2F7C12E70EE4623B2C3907C5 /* Pods-AlzheimerProject.release.xcconfig */,
			);
			path = Pods;
			sourceTree = "<group>";
		};
		AC529662231F100F00EACF44 /* Perfil */ = {
			isa = PBXGroup;
			children = (
				AC529660231F0E5000EACF44 /* PerfilTableViewController.swift */,
				AC9EE921230C64BC004FA292 /* PerfilViewController.swift */,
				ACBF43EE23204B9D0048416F /* DetailProfileViewController.swift */,
				ACBF43F023204C720048416F /* MyProfileViewController.swift */,
				ACAF13E7232437940085918B /* UsersViewController.swift */,
			);
			path = Perfil;
			sourceTree = "<group>";
		};
		AC529663231F101E00EACF44 /* Calendario */ = {
			isa = PBXGroup;
			children = (
				AC52965C231EED1300EACF44 /* DetailViewController.swift */,
				AC52965A231D4CE200EACF44 /* TableViewTaskViewController.swift */,
				AC9EE92F23144937004FA292 /* TaskViewController.swift */,
				AC9EE923230C6901004FA292 /* CalendarioViewController.swift */,
			);
			path = Calendario;
			sourceTree = "<group>";
		};
		AC529664231F104B00EACF44 /* Feed */ = {
			isa = PBXGroup;
			children = (
				AC9EE90423071D01004FA292 /* ViewController.swift */,
			);
			path = Feed;
			sourceTree = "<group>";
		};
		AC9EE8F623071D01004FA292 = {
			isa = PBXGroup;
			children = (
				AC9EE90123071D01004FA292 /* AlzheimerProject */,
				AC9EE90023071D01004FA292 /* Products */,
				7EAC450FC04562AAEA2838A5 /* Pods */,
				4FCEDA274749CCA6A89D5DA6 /* Frameworks */,
			);
			sourceTree = "<group>";
		};
		AC9EE90023071D01004FA292 /* Products */ = {
			isa = PBXGroup;
			children = (
				AC9EE8FF23071D01004FA292 /* AlzheimerProject.app */,
			);
			name = Products;
			sourceTree = "<group>";
		};
		AC9EE90123071D01004FA292 /* AlzheimerProject */ = {
			isa = PBXGroup;
			children = (
				E2CEB47C23183DEF00C90EFD /* AlzheimerProject.entitlements */,
				3A8646A12315E6A90091BD0C /* CoreDataClasses */,
				AC9EE919230728F4004FA292 /* Controller */,
				AC9EE918230728E9004FA292 /* View */,
				AC9EE917230728E2004FA292 /* Model */,
				AC9EE916230728C4004FA292 /* Classes */,
				AC9EE90223071D01004FA292 /* AppDelegate.swift */,
				AC9EE90923071D02004FA292 /* Assets.xcassets */,
				AC9EE90E23071D02004FA292 /* Info.plist */,
				3A86469D2315C03A0091BD0C /* AlzheimerProject.xcdatamodel */,
			);
			path = AlzheimerProject;
			sourceTree = "<group>";
		};
		AC9EE916230728C4004FA292 /* Classes */ = {
			isa = PBXGroup;
			children = (
				3AAF5963231D8D210073D65D /* CoreDataOptmized.swift */,
				3AAF5962231D8D210073D65D /* UserLoaded.swift */,
				3ABF2BA52318761700486A68 /* ClasseTemp.swift */,
				3ABF2BA62318761700486A68 /* PersistenceManager.swift */,
				AC9EE91423072645004FA292 /* Notification.swift */,
				AC9EE927230F0D8D004FA292 /* CellCalendar.swift */,
				AC39EE182318638B00DC590C /* CellFeed.swift */,
				ACC5F51123199FCE003B7562 /* CellPerfil.swift */,
				AC9EE929230F175D004FA292 /* Events.swift */,
				AC9EE92B230F1A88004FA292 /* Days.swift */,
				3A86469F2315C0490091BD0C /* CoreData.swift */,
				1144AF182320467C00718CC6 /* CustomButton.swift */,
				3A5F8F77231746BC00A8B05C /* Cloud.swift */,
				ACAF13E92324387C0085918B /* CellUsers.swift */,
			);
			path = Classes;
			sourceTree = "<group>";
		};
		AC9EE917230728E2004FA292 /* Model */ = {
			isa = PBXGroup;
			children = (
				E2CEB47F231850A200C90EFD /* Dados.swift */,
			);
			path = Model;
			sourceTree = "<group>";
		};
		AC9EE918230728E9004FA292 /* View */ = {
			isa = PBXGroup;
			children = (
				AC9EE90623071D01004FA292 /* Main.storyboard */,
				AC9EE90B23071D02004FA292 /* LaunchScreen.storyboard */,
				1144AF162320464000718CC6 /* Login.storyboard */,
			);
			path = View;
			sourceTree = "<group>";
		};
		AC9EE919230728F4004FA292 /* Controller */ = {
			isa = PBXGroup;
			children = (
				1144AF1A232046BD00718CC6 /* Login */,
				AC529664231F104B00EACF44 /* Feed */,
				AC529663231F101E00EACF44 /* Calendario */,
				AC529662231F100F00EACF44 /* Perfil */,
			);
			path = Controller;
			sourceTree = "<group>";
		};
/* End PBXGroup section */

/* Begin PBXNativeTarget section */
		AC9EE8FE23071D01004FA292 /* AlzheimerProject */ = {
			isa = PBXNativeTarget;
			buildConfigurationList = AC9EE91123071D02004FA292 /* Build configuration list for PBXNativeTarget "AlzheimerProject" */;
			buildPhases = (
				903864B91B33BA4069EEBF03 /* [CP] Check Pods Manifest.lock */,
				AC9EE8FB23071D01004FA292 /* Sources */,
				AC9EE8FC23071D01004FA292 /* Frameworks */,
				AC9EE8FD23071D01004FA292 /* Resources */,
				E22B8272B84EC799C6963301 /* [CP] Embed Pods Frameworks */,
			);
			buildRules = (
			);
			dependencies = (
			);
			name = AlzheimerProject;
			productName = AlzheimerProject;
			productReference = AC9EE8FF23071D01004FA292 /* AlzheimerProject.app */;
			productType = "com.apple.product-type.application";
		};
/* End PBXNativeTarget section */

/* Begin PBXProject section */
		AC9EE8F723071D01004FA292 /* Project object */ = {
			isa = PBXProject;
			attributes = {
				LastSwiftUpdateCheck = 1020;
				LastUpgradeCheck = 1020;
				ORGANIZATIONNAME = "Guilherme Martins Dalosto de Oliveira";
				TargetAttributes = {
					AC9EE8FE23071D01004FA292 = {
						CreatedOnToolsVersion = 10.2;
						SystemCapabilities = {
							com.apple.Push = {
								enabled = 1;
							};
							com.apple.iCloud = {
								enabled = 1;
							};
						};
					};
				};
			};
			buildConfigurationList = AC9EE8FA23071D01004FA292 /* Build configuration list for PBXProject "AlzheimerProject" */;
			compatibilityVersion = "Xcode 9.3";
			developmentRegion = en;
			hasScannedForEncodings = 0;
			knownRegions = (
				en,
				Base,
			);
			mainGroup = AC9EE8F623071D01004FA292;
			productRefGroup = AC9EE90023071D01004FA292 /* Products */;
			projectDirPath = "";
			projectRoot = "";
			targets = (
				AC9EE8FE23071D01004FA292 /* AlzheimerProject */,
			);
		};
/* End PBXProject section */

/* Begin PBXResourcesBuildPhase section */
		AC9EE8FD23071D01004FA292 /* Resources */ = {
			isa = PBXResourcesBuildPhase;
			buildActionMask = 2147483647;
			files = (
				1144AF172320464000718CC6 /* Login.storyboard in Resources */,
				AC9EE90D23071D02004FA292 /* LaunchScreen.storyboard in Resources */,
				AC9EE90A23071D02004FA292 /* Assets.xcassets in Resources */,
				AC9EE90823071D01004FA292 /* Main.storyboard in Resources */,
			);
			runOnlyForDeploymentPostprocessing = 0;
		};
/* End PBXResourcesBuildPhase section */

/* Begin PBXShellScriptBuildPhase section */
		903864B91B33BA4069EEBF03 /* [CP] Check Pods Manifest.lock */ = {
			isa = PBXShellScriptBuildPhase;
			buildActionMask = 2147483647;
			files = (
			);
			inputFileListPaths = (
			);
			inputPaths = (
				"${PODS_PODFILE_DIR_PATH}/Podfile.lock",
				"${PODS_ROOT}/Manifest.lock",
			);
			name = "[CP] Check Pods Manifest.lock";
			outputFileListPaths = (
			);
			outputPaths = (
				"$(DERIVED_FILE_DIR)/Pods-AlzheimerProject-checkManifestLockResult.txt",
			);
			runOnlyForDeploymentPostprocessing = 0;
			shellPath = /bin/sh;
			shellScript = "diff \"${PODS_PODFILE_DIR_PATH}/Podfile.lock\" \"${PODS_ROOT}/Manifest.lock\" > /dev/null\nif [ $? != 0 ] ; then\n    # print error to STDERR\n    echo \"error: The sandbox is not in sync with the Podfile.lock. Run 'pod install' or update your CocoaPods installation.\" >&2\n    exit 1\nfi\n# This output is used by Xcode 'outputs' to avoid re-running this script phase.\necho \"SUCCESS\" > \"${SCRIPT_OUTPUT_FILE_0}\"\n";
			showEnvVarsInLog = 0;
		};
		E22B8272B84EC799C6963301 /* [CP] Embed Pods Frameworks */ = {
			isa = PBXShellScriptBuildPhase;
			buildActionMask = 2147483647;
			files = (
			);
			inputFileListPaths = (
				"${PODS_ROOT}/Target Support Files/Pods-AlzheimerProject/Pods-AlzheimerProject-frameworks-${CONFIGURATION}-input-files.xcfilelist",
			);
			name = "[CP] Embed Pods Frameworks";
			outputFileListPaths = (
				"${PODS_ROOT}/Target Support Files/Pods-AlzheimerProject/Pods-AlzheimerProject-frameworks-${CONFIGURATION}-output-files.xcfilelist",
			);
			runOnlyForDeploymentPostprocessing = 0;
			shellPath = /bin/sh;
			shellScript = "\"${PODS_ROOT}/Target Support Files/Pods-AlzheimerProject/Pods-AlzheimerProject-frameworks.sh\"\n";
			showEnvVarsInLog = 0;
		};
/* End PBXShellScriptBuildPhase section */

/* Begin PBXSourcesBuildPhase section */
		AC9EE8FB23071D01004FA292 /* Sources */ = {
			isa = PBXSourcesBuildPhase;
			buildActionMask = 2147483647;
			files = (
				3ABF2BA72318761700486A68 /* ClasseTemp.swift in Sources */,
				3AD49DE3231621EC00904457 /* (null) in Sources */,
				AC39EE192318638B00DC590C /* CellFeed.swift in Sources */,
				3A54ECA12320573D004BB09C /* Usuario+CoreDataClass.swift in Sources */,
				3AD49DE5231621EC00904457 /* (null) in Sources */,
				3A86469E2315C03A0091BD0C /* AlzheimerProject.xcdatamodel in Sources */,
				3A8646A02315C0490091BD0C /* CoreData.swift in Sources */,
				3A54EC992320573D004BB09C /* Feed+CoreDataClass.swift in Sources */,
				3A54ECA22320573D004BB09C /* Usuario+CoreDataProperties.swift in Sources */,
				AC9EE924230C6901004FA292 /* CalendarioViewController.swift in Sources */,
				ACBF43F123204C720048416F /* MyProfileViewController.swift in Sources */,
				ACC5F51223199FCE003B7562 /* CellPerfil.swift in Sources */,
				AC9EE90523071D01004FA292 /* ViewController.swift in Sources */,
				AC9EE90323071D01004FA292 /* AppDelegate.swift in Sources */,
				AC9EE922230C64BC004FA292 /* PerfilViewController.swift in Sources */,
				3A54ECA02320573D004BB09C /* Sala+CoreDataProperties.swift in Sources */,
				AC9EE92A230F175D004FA292 /* Events.swift in Sources */,
				1144AF1D232046D000718CC6 /* GuestViewController.swift in Sources */,
				3AAF5965231D8D210073D65D /* CoreDataOptmized.swift in Sources */,
				3ABF2BA82318761700486A68 /* PersistenceManager.swift in Sources */,
				ACBF43EF23204B9D0048416F /* DetailProfileViewController.swift in Sources */,
				3AD49DDF231621EC00904457 /* (null) in Sources */,
				AC9EE922230C64BC004FA292 /* PerfilViewController.swift in Sources */,
				AC9EE92A230F175D004FA292 /* Events.swift in Sources */,
				3A54ECA42320573D004BB09C /* Evento+CoreDataProperties.swift in Sources */,
				AC52965B231D4CE200EACF44 /* TableViewTaskViewController.swift in Sources */,
				3A54EC9B2320573D004BB09C /* Calendario+CoreDataClass.swift in Sources */,
				AC9EE91523072645004FA292 /* Notification.swift in Sources */,
				3AAF5964231D8D210073D65D /* UserLoaded.swift in Sources */,
				3A54ECA32320573D004BB09C /* Evento+CoreDataClass.swift in Sources */,
				3A54EC9C2320573D004BB09C /* Calendario+CoreDataProperties.swift in Sources */,
				3A5F8F78231746BC00A8B05C /* Cloud.swift in Sources */,
				AC9EE92C230F1A88004FA292 /* Days.swift in Sources */,
				1144AF1E232046D000718CC6 /* LoginViewController.swift in Sources */,
				3A54EC9A2320573D004BB09C /* Feed+CoreDataProperties.swift in Sources */,
				3A54EC9E2320573D004BB09C /* PerfilUsuario+CoreDataProperties.swift in Sources */,
				3A54EC9D2320573D004BB09C /* PerfilUsuario+CoreDataClass.swift in Sources */,
				1144AF192320467C00718CC6 /* CustomButton.swift in Sources */,
				E2CEB480231850A200C90EFD /* Dados.swift in Sources */,
				ACAF13E8232437940085918B /* UsersViewController.swift in Sources */,
				AC529661231F0E5000EACF44 /* PerfilTableViewController.swift in Sources */,
				AC9EE928230F0D8D004FA292 /* CellCalendar.swift in Sources */,
				AC9EE93023144937004FA292 /* TaskViewController.swift in Sources */,
				3A54EC9F2320573D004BB09C /* Sala+CoreDataClass.swift in Sources */,
				ACAF13EA2324387C0085918B /* CellUsers.swift in Sources */,
				3AD49DE7231621EC00904457 /* (null) in Sources */,
				3AD49DE0231621EC00904457 /* (null) in Sources */,
				AC52965D231EED1300EACF44 /* DetailViewController.swift in Sources */,
			);
			runOnlyForDeploymentPostprocessing = 0;
		};
/* End PBXSourcesBuildPhase section */

/* Begin PBXVariantGroup section */
		AC9EE90623071D01004FA292 /* Main.storyboard */ = {
			isa = PBXVariantGroup;
			children = (
				AC9EE90723071D01004FA292 /* Base */,
			);
			name = Main.storyboard;
			sourceTree = "<group>";
		};
		AC9EE90B23071D02004FA292 /* LaunchScreen.storyboard */ = {
			isa = PBXVariantGroup;
			children = (
				AC9EE90C23071D02004FA292 /* Base */,
			);
			name = LaunchScreen.storyboard;
			sourceTree = "<group>";
		};
/* End PBXVariantGroup section */

/* Begin XCBuildConfiguration section */
		AC9EE90F23071D02004FA292 /* Debug */ = {
			isa = XCBuildConfiguration;
			buildSettings = {
				ALWAYS_SEARCH_USER_PATHS = NO;
				CLANG_ANALYZER_NONNULL = YES;
				CLANG_ANALYZER_NUMBER_OBJECT_CONVERSION = YES_AGGRESSIVE;
				CLANG_CXX_LANGUAGE_STANDARD = "gnu++14";
				CLANG_CXX_LIBRARY = "libc++";
				CLANG_ENABLE_MODULES = YES;
				CLANG_ENABLE_OBJC_ARC = YES;
				CLANG_ENABLE_OBJC_WEAK = YES;
				CLANG_WARN_BLOCK_CAPTURE_AUTORELEASING = YES;
				CLANG_WARN_BOOL_CONVERSION = YES;
				CLANG_WARN_COMMA = YES;
				CLANG_WARN_CONSTANT_CONVERSION = YES;
				CLANG_WARN_DEPRECATED_OBJC_IMPLEMENTATIONS = YES;
				CLANG_WARN_DIRECT_OBJC_ISA_USAGE = YES_ERROR;
				CLANG_WARN_DOCUMENTATION_COMMENTS = YES;
				CLANG_WARN_EMPTY_BODY = YES;
				CLANG_WARN_ENUM_CONVERSION = YES;
				CLANG_WARN_INFINITE_RECURSION = YES;
				CLANG_WARN_INT_CONVERSION = YES;
				CLANG_WARN_NON_LITERAL_NULL_CONVERSION = YES;
				CLANG_WARN_OBJC_IMPLICIT_RETAIN_SELF = YES;
				CLANG_WARN_OBJC_LITERAL_CONVERSION = YES;
				CLANG_WARN_OBJC_ROOT_CLASS = YES_ERROR;
				CLANG_WARN_RANGE_LOOP_ANALYSIS = YES;
				CLANG_WARN_STRICT_PROTOTYPES = YES;
				CLANG_WARN_SUSPICIOUS_MOVE = YES;
				CLANG_WARN_UNGUARDED_AVAILABILITY = YES_AGGRESSIVE;
				CLANG_WARN_UNREACHABLE_CODE = YES;
				CLANG_WARN__DUPLICATE_METHOD_MATCH = YES;
				CODE_SIGN_IDENTITY = "iPhone Developer";
				COPY_PHASE_STRIP = NO;
				DEBUG_INFORMATION_FORMAT = dwarf;
				ENABLE_STRICT_OBJC_MSGSEND = YES;
				ENABLE_TESTABILITY = YES;
				GCC_C_LANGUAGE_STANDARD = gnu11;
				GCC_DYNAMIC_NO_PIC = NO;
				GCC_NO_COMMON_BLOCKS = YES;
				GCC_OPTIMIZATION_LEVEL = 0;
				GCC_PREPROCESSOR_DEFINITIONS = (
					"DEBUG=1",
					"$(inherited)",
				);
				GCC_WARN_64_TO_32_BIT_CONVERSION = YES;
				GCC_WARN_ABOUT_RETURN_TYPE = YES_ERROR;
				GCC_WARN_UNDECLARED_SELECTOR = YES;
				GCC_WARN_UNINITIALIZED_AUTOS = YES_AGGRESSIVE;
				GCC_WARN_UNUSED_FUNCTION = YES;
				GCC_WARN_UNUSED_VARIABLE = YES;
				IPHONEOS_DEPLOYMENT_TARGET = 12.2;
				MTL_ENABLE_DEBUG_INFO = INCLUDE_SOURCE;
				MTL_FAST_MATH = YES;
				ONLY_ACTIVE_ARCH = YES;
				SDKROOT = iphoneos;
				SWIFT_ACTIVE_COMPILATION_CONDITIONS = DEBUG;
				SWIFT_OPTIMIZATION_LEVEL = "-Onone";
			};
			name = Debug;
		};
		AC9EE91023071D02004FA292 /* Release */ = {
			isa = XCBuildConfiguration;
			buildSettings = {
				ALWAYS_SEARCH_USER_PATHS = NO;
				CLANG_ANALYZER_NONNULL = YES;
				CLANG_ANALYZER_NUMBER_OBJECT_CONVERSION = YES_AGGRESSIVE;
				CLANG_CXX_LANGUAGE_STANDARD = "gnu++14";
				CLANG_CXX_LIBRARY = "libc++";
				CLANG_ENABLE_MODULES = YES;
				CLANG_ENABLE_OBJC_ARC = YES;
				CLANG_ENABLE_OBJC_WEAK = YES;
				CLANG_WARN_BLOCK_CAPTURE_AUTORELEASING = YES;
				CLANG_WARN_BOOL_CONVERSION = YES;
				CLANG_WARN_COMMA = YES;
				CLANG_WARN_CONSTANT_CONVERSION = YES;
				CLANG_WARN_DEPRECATED_OBJC_IMPLEMENTATIONS = YES;
				CLANG_WARN_DIRECT_OBJC_ISA_USAGE = YES_ERROR;
				CLANG_WARN_DOCUMENTATION_COMMENTS = YES;
				CLANG_WARN_EMPTY_BODY = YES;
				CLANG_WARN_ENUM_CONVERSION = YES;
				CLANG_WARN_INFINITE_RECURSION = YES;
				CLANG_WARN_INT_CONVERSION = YES;
				CLANG_WARN_NON_LITERAL_NULL_CONVERSION = YES;
				CLANG_WARN_OBJC_IMPLICIT_RETAIN_SELF = YES;
				CLANG_WARN_OBJC_LITERAL_CONVERSION = YES;
				CLANG_WARN_OBJC_ROOT_CLASS = YES_ERROR;
				CLANG_WARN_RANGE_LOOP_ANALYSIS = YES;
				CLANG_WARN_STRICT_PROTOTYPES = YES;
				CLANG_WARN_SUSPICIOUS_MOVE = YES;
				CLANG_WARN_UNGUARDED_AVAILABILITY = YES_AGGRESSIVE;
				CLANG_WARN_UNREACHABLE_CODE = YES;
				CLANG_WARN__DUPLICATE_METHOD_MATCH = YES;
				CODE_SIGN_IDENTITY = "iPhone Developer";
				COPY_PHASE_STRIP = NO;
				DEBUG_INFORMATION_FORMAT = "dwarf-with-dsym";
				ENABLE_NS_ASSERTIONS = NO;
				ENABLE_STRICT_OBJC_MSGSEND = YES;
				GCC_C_LANGUAGE_STANDARD = gnu11;
				GCC_NO_COMMON_BLOCKS = YES;
				GCC_WARN_64_TO_32_BIT_CONVERSION = YES;
				GCC_WARN_ABOUT_RETURN_TYPE = YES_ERROR;
				GCC_WARN_UNDECLARED_SELECTOR = YES;
				GCC_WARN_UNINITIALIZED_AUTOS = YES_AGGRESSIVE;
				GCC_WARN_UNUSED_FUNCTION = YES;
				GCC_WARN_UNUSED_VARIABLE = YES;
				IPHONEOS_DEPLOYMENT_TARGET = 12.2;
				MTL_ENABLE_DEBUG_INFO = NO;
				MTL_FAST_MATH = YES;
				SDKROOT = iphoneos;
				SWIFT_COMPILATION_MODE = wholemodule;
				SWIFT_OPTIMIZATION_LEVEL = "-O";
				VALIDATE_PRODUCT = YES;
			};
			name = Release;
		};
		AC9EE91223071D02004FA292 /* Debug */ = {
			isa = XCBuildConfiguration;
			baseConfigurationReference = 3FAA1ACF3D0FB7238CA892E8 /* Pods-AlzheimerProject.debug.xcconfig */;
			buildSettings = {
				ASSETCATALOG_COMPILER_APPICON_NAME = AppIcon;
				CODE_SIGN_ENTITLEMENTS = AlzheimerProject/AlzheimerProject.entitlements;
				CODE_SIGN_STYLE = Automatic;
				DEVELOPMENT_TEAM = 7YWK9C69PH;
				INFOPLIST_FILE = AlzheimerProject/Info.plist;
				LD_RUNPATH_SEARCH_PATHS = (
					"$(inherited)",
					"@executable_path/Frameworks",
				);
				PRODUCT_BUNDLE_IDENTIFIER = Academy.AlzheimerProject;
				PRODUCT_NAME = "$(TARGET_NAME)";
				SWIFT_VERSION = 5.0;
				TARGETED_DEVICE_FAMILY = "1,2";
			};
			name = Debug;
		};
		AC9EE91323071D02004FA292 /* Release */ = {
			isa = XCBuildConfiguration;
			baseConfigurationReference = 2F7C12E70EE4623B2C3907C5 /* Pods-AlzheimerProject.release.xcconfig */;
			buildSettings = {
				ASSETCATALOG_COMPILER_APPICON_NAME = AppIcon;
				CODE_SIGN_ENTITLEMENTS = AlzheimerProject/AlzheimerProject.entitlements;
				CODE_SIGN_STYLE = Automatic;
				DEVELOPMENT_TEAM = 7YWK9C69PH;
				INFOPLIST_FILE = AlzheimerProject/Info.plist;
				LD_RUNPATH_SEARCH_PATHS = (
					"$(inherited)",
					"@executable_path/Frameworks",
				);
				PRODUCT_BUNDLE_IDENTIFIER = Academy.AlzheimerProject;
				PRODUCT_NAME = "$(TARGET_NAME)";
				SWIFT_VERSION = 5.0;
				TARGETED_DEVICE_FAMILY = "1,2";
			};
			name = Release;
		};
/* End XCBuildConfiguration section */

/* Begin XCConfigurationList section */
		AC9EE8FA23071D01004FA292 /* Build configuration list for PBXProject "AlzheimerProject" */ = {
			isa = XCConfigurationList;
			buildConfigurations = (
				AC9EE90F23071D02004FA292 /* Debug */,
				AC9EE91023071D02004FA292 /* Release */,
			);
			defaultConfigurationIsVisible = 0;
			defaultConfigurationName = Release;
		};
		AC9EE91123071D02004FA292 /* Build configuration list for PBXNativeTarget "AlzheimerProject" */ = {
			isa = XCConfigurationList;
			buildConfigurations = (
				AC9EE91223071D02004FA292 /* Debug */,
				AC9EE91323071D02004FA292 /* Release */,
			);
			defaultConfigurationIsVisible = 0;
			defaultConfigurationName = Release;
		};
/* End XCConfigurationList section */
	};
	rootObject = AC9EE8F723071D01004FA292 /* Project object */;
}
