PODS:
  - CircleBar (0.8.2)
  - FSCalendar (2.8.0)

DEPENDENCIES:
  - CircleBar
  - FSCalendar

SPEC REPOS:
  https://github.com/cocoapods/specs.git:
    - CircleBar
    - FSCalendar

SPEC CHECKSUMS:
  CircleBar: 8e17d2090e6e319b518010535a3145fb8fd68c22
  FSCalendar: 3a5ed3636e2ba1b83ebebfcf0c2603105a6f5efe

PODFILE CHECKSUM: 83ad518312786c689c670e0f2e3577a9d3ff05ae 

COCOAPODS: 1.7.5
